
Microsoft Visual Studio Solution File, Format Version 12.00
# Visual Studio 15
VisualStudioVersion = 15.0.28307.168
MinimumVisualStudioVersion = 10.0.40219.1
Project("{FAE04EC0-301F-11D3-BF4B-00C04F79EFBC}") = "Video2x", "Video2x\Video2x.csproj", "{996A8D90-E3B0-4145-B697-D62C9E3F701C}"
EndProject
Global
	GlobalSection(SolutionConfigurationPlatforms) = preSolution
		Debug|Any CPU = Debug|Any CPU
		Release|Any CPU = Release|Any CPU
	EndGlobalSection
	GlobalSection(ProjectConfigurationPlatforms) = postSolution
		{996A8D90-E3B0-4145-B697-D62C9E3F701C}.Debug|Any CPU.ActiveCfg = Debug|Any CPU
		{996A8D90-E3B0-4145-B697-D62C9E3F701C}.Debug|Any CPU.Build.0 = Debug|Any CPU
		{996A8D90-E3B0-4145-B697-D62C9E3F701C}.Release|Any CPU.ActiveCfg = Release|Any CPU
		{996A8D90-E3B0-4145-B697-D62C9E3F701C}.Release|Any CPU.Build.0 = Release|Any CPU
	EndGlobalSection
	GlobalSection(SolutionProperties) = preSolution
		HideSolutionNode = FALSE
	EndGlobalSection
	GlobalSection(ExtensibilityGlobals) = postSolution
		SolutionGuid = {7B50CA8E-E41D-46D5-A283-194962E5C328}
	EndGlobalSection
EndGlobal
